
Microsoft Visual Studio Solution File, Format Version 12.00
# Visual Studio Version 17
VisualStudioVersion = 17.4.33122.133
MinimumVisualStudioVersion = 10.0.40219.1
Project("{FAE04EC0-301F-11D3-BF4B-00C04F79EFBC}") = "ExpenseManagement.Web", "ExpenseManagement.Web\ExpenseManagement.Web.csproj", "{1DB95A54-EB2B-4CDB-8E4D-F6CC2D9CB046}"
EndProject
Global
	GlobalSection(SolutionConfigurationPlatforms) = preSolution
		Debug|Any CPU = Debug|Any CPU
		Release|Any CPU = Release|Any CPU
	EndGlobalSection
	GlobalSection(ProjectConfigurationPlatforms) = postSolution
		{1DB95A54-EB2B-4CDB-8E4D-F6CC2D9CB046}.Debug|Any CPU.ActiveCfg = Debug|Any CPU
		{1DB95A54-EB2B-4CDB-8E4D-F6CC2D9CB046}.Debug|Any CPU.Build.0 = Debug|Any CPU
		{1DB95A54-EB2B-4CDB-8E4D-F6CC2D9CB046}.Release|Any CPU.ActiveCfg = Release|Any CPU
		{1DB95A54-EB2B-4CDB-8E4D-F6CC2D9CB046}.Release|Any CPU.Build.0 = Release|Any CPU
	EndGlobalSection
	GlobalSection(SolutionProperties) = preSolution
		HideSolutionNode = FALSE
	EndGlobalSection
	GlobalSection(ExtensibilityGlobals) = postSolution
		SolutionGuid = {0958A35E-E977-43ED-BE08-1C8D5C93FDCC}
	EndGlobalSection
EndGlobal
